
Microsoft Visual Studio Solution File, Format Version 12.00
# Visual Studio Version 16
VisualStudioVersion = 16.0.30907.101
MinimumVisualStudioVersion = 10.0.40219.1
Project("{9A19103F-16F7-4668-BE54-9A1E7A4F7556}") = "2904Project", "2904Project\2904Project.csproj", "{0DB69574-DFEA-496D-A647-041EF6848A82}"
EndProject
Project("{FAE04EC0-301F-11D3-BF4B-00C04F79EFBC}") = "NUnitTestProject1", "NUnitTestProject1\NUnitTestProject1.csproj", "{6CD2A5C8-83FB-4C4B-AF1A-238779168420}"
EndProject
Global
	GlobalSection(SolutionConfigurationPlatforms) = preSolution
		Debug|Any CPU = Debug|Any CPU
		Release|Any CPU = Release|Any CPU
	EndGlobalSection
	GlobalSection(ProjectConfigurationPlatforms) = postSolution
		{0DB69574-DFEA-496D-A647-041EF6848A82}.Debug|Any CPU.ActiveCfg = Debug|Any CPU
		{0DB69574-DFEA-496D-A647-041EF6848A82}.Debug|Any CPU.Build.0 = Debug|Any CPU
		{0DB69574-DFEA-496D-A647-041EF6848A82}.Release|Any CPU.ActiveCfg = Release|Any CPU
		{0DB69574-DFEA-496D-A647-041EF6848A82}.Release|Any CPU.Build.0 = Release|Any CPU
		{6CD2A5C8-83FB-4C4B-AF1A-238779168420}.Debug|Any CPU.ActiveCfg = Debug|Any CPU
		{6CD2A5C8-83FB-4C4B-AF1A-238779168420}.Debug|Any CPU.Build.0 = Debug|Any CPU
		{6CD2A5C8-83FB-4C4B-AF1A-238779168420}.Release|Any CPU.ActiveCfg = Release|Any CPU
		{6CD2A5C8-83FB-4C4B-AF1A-238779168420}.Release|Any CPU.Build.0 = Release|Any CPU
	EndGlobalSection
	GlobalSection(SolutionProperties) = preSolution
		HideSolutionNode = FALSE
	EndGlobalSection
	GlobalSection(ExtensibilityGlobals) = postSolution
		SolutionGuid = {76BB2E45-AD25-4A44-B68C-420BCA0ADC18}
	EndGlobalSection
EndGlobal
